<?xml version="1.0" encoding="utf-8"?>
<Project ToolsVersion="4.0" xmlns="http://schemas.microsoft.com/developer/msbuild/2003">
  <ItemGroup>
    <ClCompile Include="Render\Camera.cpp">
      <Filter>Render</Filter>
    </ClCompile>
    <ClCompile Include="Render\Render.cpp">
      <Filter>Render</Filter>
    </ClCompile>
    <ClCompile Include="RenderUtils.cpp" />
    <ClCompile Include="main.cpp" />
    <ClCompile Include="callbacks.cpp" />
    <ClCompile Include="Scene.cpp" />
    <ClCompile Include="Particles\Particle.cpp" />
    <ClCompile Include="Particles\ParticleManager.cpp" />
    <ClCompile Include="Particles\ParticleSystem\GaussianParticleGenerator.cpp" />
    <ClCompile Include="Particles\ParticleSystem\ParticleGenerator.cpp" />
    <ClCompile Include="Particles\ParticleSystem\ParticleSystem.cpp" />
    <ClCompile Include="Particles\ParticleSystem\SimpleParticleGenerator.cpp" />
    <ClCompile Include="Particles\ParticleSystem\BoxParticleGenerator.cpp" />
    <ClCompile Include="Particles\Firework.cpp" />
    <ClCompile Include="Force\ForceRegistry.cpp" />
    <ClCompile Include="Force\Gravity.cpp" />
    <ClCompile Include="Force\Drag.cpp" />
    <ClCompile Include="Force\Wind.cpp" />
    <ClCompile Include="Force\Whirlwind.cpp" />
    <ClCompile Include="Force\Explosion.cpp" />
    <ClCompile Include="Force\Spring.cpp" />
    <ClCompile Include="Force\AnchoredSpring.cpp" />
    <ClCompile Include="Force\Impulse.cpp" />
    <ClCompile Include="Force\RubberBand.cpp" />
    <ClCompile Include="Force\Buoyancy.cpp" />
    <ClCompile Include="Particles\RigidParticle.cpp" />
    <ClCompile Include="Force\ForceRegistryRigid.cpp" />
    <ClCompile Include="Force\ExplosionRigid.cpp" />
    <ClCompile Include="Force\SpringRigid.cpp" />
    <ClCompile Include="Math\Lerp.cpp" />
    <ClCompile Include="Pinball\Ball.cpp" />
    <ClCompile Include="Pinball\Pinball.cpp" />
    <ClCompile Include="Pinball\Flipper.cpp" />
    <ClCompile Include="Force\RealSpring.cpp" />
    <ClCompile Include="Force\Rope.cpp" />
    <ClCompile Include="Force\AnchoredRealSpring.cpp" />
  </ItemGroup>
  <ItemGroup>
    <ClInclude Include="core.hpp" />
    <ClInclude Include="Render\Camera.h">
      <Filter>Render</Filter>
    </ClInclude>
    <ClInclude Include="Render\Render.h">
      <Filter>Render</Filter>
    </ClInclude>
    <ClInclude Include="RenderUtils.hpp" />
    <ClInclude Include="callbacks.hpp" />
    <ClInclude Include="Scene.h" />
    <ClInclude Include="Particles\Particle.h" />
    <ClInclude Include="Particles\ParticleManager.h" />
    <ClInclude Include="Particles\Projectile.h" />
    <ClInclude Include="Particles\ParticleSystem\SimpleParticleGenerator.h" />
    <ClInclude Include="Particles\ParticleSystem\GaussianParticleGenerator.h" />
    <ClInclude Include="Particles\ParticleSystem\ParticleGenerator.h" />
    <ClInclude Include="Particles\ParticleSystem\ParticleSystem.h" />
    <ClInclude Include="Particles\ParticleSystem\ParticleSystems.h" />
    <ClInclude Include="Particles\ParticleSystem\BoxParticleGenerator.h" />
    <ClInclude Include="Particles\Firework.h" />
    <ClInclude Include="Force\ForceGenerator.h" />
    <ClInclude Include="Force\ForceRegistry.h" />
    <ClInclude Include="Force\Gravity.h" />
    <ClInclude Include="Force\Drag.h" />
    <ClInclude Include="Force\Wind.h" />
    <ClInclude Include="Force\Whirlwind.h" />
    <ClInclude Include="Force\Explosion.h" />
    <ClInclude Include="Force\Spring.h" />
    <ClInclude Include="Force\AnchoredSpring.h" />
    <ClInclude Include="Force\Impulse.h" />
    <ClInclude Include="Force\RubberBand.h" />
    <ClInclude Include="Force\Buoyancy.h" />
    <ClInclude Include="Particles\RigidParticle.h" />
    <ClInclude Include="Force\ForceRegistryRigid.h" />
    <ClInclude Include="Force\ForceGeneratorRigid.h" />
    <ClInclude Include="Force\ExplosionRigid.h" />
    <ClInclude Include="Force\SpringRigid.h" />
    <ClInclude Include="Math\Lerp.h" />
    <ClInclude Include="Pinball\Ball.h" />
    <ClInclude Include="Pinball\Pinball.h" />
    <ClInclude Include="Pinball\Flipper.h" />
    <ClInclude Include="Force\RealSpring.h" />
    <ClInclude Include="Force\Rope.h" />
    <ClInclude Include="Force\AnchoredRealSpring.h" />
  </ItemGroup>
  <ItemGroup>
    <Filter Include="Render">
      <UniqueIdentifier>{d04b4f9f-5a69-465e-8070-25c6d0bcd3c2}</UniqueIdentifier>
    </Filter>
  </ItemGroup>
</Project>